
Microsoft Visual Studio Solution File, Format Version 12.00
# Visual Studio 15
VisualStudioVersion = 15.0.27130.2003
MinimumVisualStudioVersion = 10.0.40219.1
Project("{FAE04EC0-301F-11D3-BF4B-00C04F79EFBC}") = "Torrent", "Torrent\Torrent.csproj", "{54B151E8-A3AA-4443-949C-D53ADB89E8F1}"
EndProject
Project("{FAE04EC0-301F-11D3-BF4B-00C04F79EFBC}") = "Увольнения", "Увольнения\Увольнения.csproj", "{33F0C546-FD4D-4ABD-B2D2-B0AF3DBD52BA}"
EndProject
Project("{FAE04EC0-301F-11D3-BF4B-00C04F79EFBC}") = "Deji", "Deji\Deji.csproj", "{1FEAA9D9-6F8B-4BAC-AC6E-4F45C42F295A}"
EndProject
Global
	GlobalSection(SolutionConfigurationPlatforms) = preSolution
		Debug|Any CPU = Debug|Any CPU
		Release|Any CPU = Release|Any CPU
	EndGlobalSection
	GlobalSection(ProjectConfigurationPlatforms) = postSolution
		{54B151E8-A3AA-4443-949C-D53ADB89E8F1}.Debug|Any CPU.ActiveCfg = Debug|Any CPU
		{54B151E8-A3AA-4443-949C-D53ADB89E8F1}.Debug|Any CPU.Build.0 = Debug|Any CPU
		{54B151E8-A3AA-4443-949C-D53ADB89E8F1}.Release|Any CPU.ActiveCfg = Release|Any CPU
		{54B151E8-A3AA-4443-949C-D53ADB89E8F1}.Release|Any CPU.Build.0 = Release|Any CPU
		{33F0C546-FD4D-4ABD-B2D2-B0AF3DBD52BA}.Debug|Any CPU.ActiveCfg = Debug|Any CPU
		{33F0C546-FD4D-4ABD-B2D2-B0AF3DBD52BA}.Debug|Any CPU.Build.0 = Debug|Any CPU
		{33F0C546-FD4D-4ABD-B2D2-B0AF3DBD52BA}.Release|Any CPU.ActiveCfg = Release|Any CPU
		{33F0C546-FD4D-4ABD-B2D2-B0AF3DBD52BA}.Release|Any CPU.Build.0 = Release|Any CPU
		{1FEAA9D9-6F8B-4BAC-AC6E-4F45C42F295A}.Debug|Any CPU.ActiveCfg = Debug|Any CPU
		{1FEAA9D9-6F8B-4BAC-AC6E-4F45C42F295A}.Debug|Any CPU.Build.0 = Debug|Any CPU
		{1FEAA9D9-6F8B-4BAC-AC6E-4F45C42F295A}.Release|Any CPU.ActiveCfg = Release|Any CPU
		{1FEAA9D9-6F8B-4BAC-AC6E-4F45C42F295A}.Release|Any CPU.Build.0 = Release|Any CPU
	EndGlobalSection
	GlobalSection(SolutionProperties) = preSolution
		HideSolutionNode = FALSE
	EndGlobalSection
	GlobalSection(ExtensibilityGlobals) = postSolution
		SolutionGuid = {2AD8B8D2-DAB3-49FD-9823-74CF4209DBB3}
	EndGlobalSection
EndGlobal
